<?xml version="1.0" encoding="utf-8"?>
<Project ToolsVersion="4.0" xmlns="http://schemas.microsoft.com/developer/msbuild/2003">
  <ItemGroup>
    <Filter Include="소스 파일">
      <UniqueIdentifier>{4FC737F1-C7A5-4376-A066-2A32D752A2FF}</UniqueIdentifier>
      <Extensions>cpp;c;cc;cxx;c++;cppm;ixx;def;odl;idl;hpj;bat;asm;asmx</Extensions>
    </Filter>
    <Filter Include="헤더 파일">
      <UniqueIdentifier>{93995380-89BD-4b04-88EB-625FBE52EBFB}</UniqueIdentifier>
      <Extensions>h;hh;hpp;hxx;h++;hm;inl;inc;ipp;xsd</Extensions>
    </Filter>
    <Filter Include="리소스 파일">
      <UniqueIdentifier>{67DA6AB6-F800-4c08-8B7A-83BB121AAD01}</UniqueIdentifier>
      <Extensions>rc;ico;cur;bmp;dlg;rc2;rct;bin;rgs;gif;jpg;jpeg;jpe;resx;tiff;tif;png;wav;mfcribbon-ms</Extensions>
    </Filter>
  </ItemGroup>
  <ItemGroup>
    <ClCompile Include="6.1_배열 기초array1.cpp">
      <Filter>소스 파일</Filter>
    </ClCompile>
    <ClCompile Include="6.2_배열 기초array2.cpp">
      <Filter>소스 파일</Filter>
    </ClCompile>
    <ClCompile Include="6.3_배열과 반복문.cpp">
      <Filter>소스 파일</Filter>
    </ClCompile>
    <ClCompile Include="6.4_배열과 선택 정렬 selection sort.cpp">
      <Filter>소스 파일</Filter>
    </ClCompile>
    <ClCompile Include="6.4_배열과 선택 정렬 selection sort_2.cpp">
      <Filter>소스 파일</Filter>
    </ClCompile>
    <ClCompile Include="6.5_정적 다차원 배열.cpp">
      <Filter>소스 파일</Filter>
    </ClCompile>
    <ClCompile Include="6.6_C언어 스타일의 배열 문자열.cpp">
      <Filter>소스 파일</Filter>
    </ClCompile>
    <ClCompile Include="6.7_포인터의 기본적인 사용법.cpp">
      <Filter>소스 파일</Filter>
    </ClCompile>
    <ClCompile Include="6.7a_널 포인터 Null Pointer.cpp">
      <Filter>소스 파일</Filter>
    </ClCompile>
    <ClCompile Include="6.8_포인터와 정적 배열.cpp">
      <Filter>소스 파일</Filter>
    </ClCompile>
    <ClCompile Include="6.9_포인터 연산과 배열 인덱싱.cpp">
      <Filter>소스 파일</Filter>
    </ClCompile>
    <ClCompile Include="6.10_C언어 스타일의 문자열 심볼릭 상수.cpp">
      <Filter>소스 파일</Filter>
    </ClCompile>
    <ClCompile Include="6.11_메모리 동적 할당 new와 delete.cpp">
      <Filter>소스 파일</Filter>
    </ClCompile>
    <ClCompile Include="6.12_동적 할당 배열.cpp">
      <Filter>소스 파일</Filter>
    </ClCompile>
    <ClCompile Include="6.13_포인터와 const.cpp">
      <Filter>소스 파일</Filter>
    </ClCompile>
    <ClCompile Include="6.14_참조 변수 reference variable.cpp">
      <Filter>소스 파일</Filter>
    </ClCompile>
  </ItemGroup>
</Project>